
Microsoft Visual Studio Solution File, Format Version 12.00
Project("{2150E333-8FDC-42A3-9474-1A3956D46DE8}") = "src", "src", "{183FD872-54F6-4C24-9C8E-74526CB5EDC8}"
EndProject
Project("{2150E333-8FDC-42A3-9474-1A3956D46DE8}") = "Warehouse", "Warehouse", "{4D8C79B8-ECBE-4A81-A30B-881190267186}"
EndProject
Project("{FAE04EC0-301F-11D3-BF4B-00C04F79EFBC}") = "Dberries.Warehouse.WebAPI", "src\Services\Warehouse\Dberries.Warehouse.WebAPI\Dberries.Warehouse.WebAPI.csproj", "{16DA55B2-5679-4FF3-A8E1-C3AE3FBE839D}"
EndProject
Project("{FAE04EC0-301F-11D3-BF4B-00C04F79EFBC}") = "Dberries.Warehouse.Core", "src\Services\Warehouse\Dberries.Warehouse.Core\Dberries.Warehouse.Core.csproj", "{6F366322-927E-4A20-AE6F-148C06C43537}"
EndProject
Project("{FAE04EC0-301F-11D3-BF4B-00C04F79EFBC}") = "Dberries.Warehouse.Infrastructure", "src\Services\Warehouse\Dberries.Warehouse.Infrastructure\Dberries.Warehouse.Infrastructure.csproj", "{BC6A361F-CF55-40F9-960E-258CC4C9036B}"
EndProject
Project("{FAE04EC0-301F-11D3-BF4B-00C04F79EFBC}") = "Dberries.Warehouse.Persistence", "src\Services\Warehouse\Dberries.Warehouse.Persistence\Dberries.Warehouse.Persistence.csproj", "{EB7A489A-E198-4289-898F-7A64CFE7D649}"
EndProject
Project("{FAE04EC0-301F-11D3-BF4B-00C04F79EFBC}") = "Dberries.Warehouse.Presentation", "src\Services\Warehouse\Dberries.Warehouse.Presentation\Dberries.Warehouse.Presentation.csproj", "{AE86B950-D008-4BF8-92EF-73A1E25F09CB}"
EndProject
Project("{2150E333-8FDC-42A3-9474-1A3956D46DE8}") = "Shared", "Shared", "{091617FA-D106-491A-8EF9-527A598B4D4E}"
EndProject
Project("{2150E333-8FDC-42A3-9474-1A3956D46DE8}") = "Services", "Services", "{53B906EF-E185-45F5-AA6C-AC710AE11035}"
EndProject
Project("{2150E333-8FDC-42A3-9474-1A3956D46DE8}") = "Store", "Store", "{CEEA30EE-C2D8-496A-8214-8C015CA9D50D}"
EndProject
Project("{FAE04EC0-301F-11D3-BF4B-00C04F79EFBC}") = "Dberries.Store.WebAPI", "src\Services\Store\Dberries.Store.WebAPI\Dberries.Store.WebAPI.csproj", "{B46DF1AA-450B-47FA-BB9D-5B8FC731A60F}"
EndProject
Project("{FAE04EC0-301F-11D3-BF4B-00C04F79EFBC}") = "Dberries.Store.Core", "src\Services\Store\Dberries.Store.Core\Dberries.Store.Core.csproj", "{1C9980C2-FFE8-4073-AA03-7B9D5C024FC6}"
EndProject
Project("{FAE04EC0-301F-11D3-BF4B-00C04F79EFBC}") = "Dberries.Store.Infrastructure", "src\Services\Store\Dberries.Store.Infrastructure\Dberries.Store.Infrastructure.csproj", "{C9C8F9C9-535E-4EBB-A586-EA89FB3A9B4E}"
EndProject
Project("{FAE04EC0-301F-11D3-BF4B-00C04F79EFBC}") = "Dberries.Store.Persistence", "src\Services\Store\Dberries.Store.Persistence\Dberries.Store.Persistence.csproj", "{68739FE6-248E-466E-9AC7-EA8F4403156E}"
EndProject
Project("{FAE04EC0-301F-11D3-BF4B-00C04F79EFBC}") = "Dberries.Store.Presentation", "src\Services\Store\Dberries.Store.Presentation\Dberries.Store.Presentation.csproj", "{2F488B10-2668-4B7A-AD38-598B5A0AE795}"
EndProject
Project("{2150E333-8FDC-42A3-9474-1A3956D46DE8}") = "Auth", "Auth", "{87BF2172-94CC-47E9-B807-38368C3B24A4}"
EndProject
Project("{FAE04EC0-301F-11D3-BF4B-00C04F79EFBC}") = "Dberries.Auth.WebAPI", "src\Services\Auth\Dberries.Auth.WebAPI\Dberries.Auth.WebAPI.csproj", "{20041786-BAF4-4C07-A28D-8C46AF03C0D9}"
EndProject
Project("{FAE04EC0-301F-11D3-BF4B-00C04F79EFBC}") = "Dberries.Auth.Core", "src\Services\Auth\Dberries.Auth.Core\Dberries.Auth.Core.csproj", "{E8E12AF3-E4E0-4944-BD7A-E07F6F8C4189}"
EndProject
Project("{FAE04EC0-301F-11D3-BF4B-00C04F79EFBC}") = "Dberries.Auth.Infrastructure", "src\Services\Auth\Dberries.Auth.Infrastructure\Dberries.Auth.Infrastructure.csproj", "{3E931C1F-8EF8-4E09-A79F-19C827FC9F54}"
EndProject
Project("{FAE04EC0-301F-11D3-BF4B-00C04F79EFBC}") = "Dberries.Auth.Presentation", "src\Services\Auth\Dberries.Auth.Presentation\Dberries.Auth.Presentation.csproj", "{06899270-5620-4E60-B9DC-7FACCB126B04}"
EndProject
Project("{FAE04EC0-301F-11D3-BF4B-00C04F79EFBC}") = "Dberries.Auth.Persistence", "src\Services\Auth\Dberries.Auth.Persistence\Dberries.Auth.Persistence.csproj", "{1679FA6D-FF39-4BA1-9ABB-0C1A8871BB5C}"
EndProject
Project("{2150E333-8FDC-42A3-9474-1A3956D46DE8}") = "tests", "tests", "{B0F708AC-C9AA-40A2-B74D-AD5DACF9F7DB}"
EndProject
Project("{2150E333-8FDC-42A3-9474-1A3956D46DE8}") = "docker", "docker", "{97A28828-5824-4340-A617-78BEFF6C6BF1}"
EndProject
Project("{2150E333-8FDC-42A3-9474-1A3956D46DE8}") = "docs", "docs", "{7CECF7D2-B1C7-47BA-8E83-9030D8C9EFA0}"
EndProject
Global
	GlobalSection(SolutionConfigurationPlatforms) = preSolution
		Debug|Any CPU = Debug|Any CPU
		Release|Any CPU = Release|Any CPU
	EndGlobalSection
	GlobalSection(NestedProjects) = preSolution
		{16DA55B2-5679-4FF3-A8E1-C3AE3FBE839D} = {4D8C79B8-ECBE-4A81-A30B-881190267186}
		{6F366322-927E-4A20-AE6F-148C06C43537} = {4D8C79B8-ECBE-4A81-A30B-881190267186}
		{BC6A361F-CF55-40F9-960E-258CC4C9036B} = {4D8C79B8-ECBE-4A81-A30B-881190267186}
		{EB7A489A-E198-4289-898F-7A64CFE7D649} = {4D8C79B8-ECBE-4A81-A30B-881190267186}
		{AE86B950-D008-4BF8-92EF-73A1E25F09CB} = {4D8C79B8-ECBE-4A81-A30B-881190267186}
		{091617FA-D106-491A-8EF9-527A598B4D4E} = {183FD872-54F6-4C24-9C8E-74526CB5EDC8}
		{53B906EF-E185-45F5-AA6C-AC710AE11035} = {183FD872-54F6-4C24-9C8E-74526CB5EDC8}
		{4D8C79B8-ECBE-4A81-A30B-881190267186} = {53B906EF-E185-45F5-AA6C-AC710AE11035}
		{CEEA30EE-C2D8-496A-8214-8C015CA9D50D} = {53B906EF-E185-45F5-AA6C-AC710AE11035}
		{B46DF1AA-450B-47FA-BB9D-5B8FC731A60F} = {CEEA30EE-C2D8-496A-8214-8C015CA9D50D}
		{1C9980C2-FFE8-4073-AA03-7B9D5C024FC6} = {CEEA30EE-C2D8-496A-8214-8C015CA9D50D}
		{C9C8F9C9-535E-4EBB-A586-EA89FB3A9B4E} = {CEEA30EE-C2D8-496A-8214-8C015CA9D50D}
		{68739FE6-248E-466E-9AC7-EA8F4403156E} = {CEEA30EE-C2D8-496A-8214-8C015CA9D50D}
		{2F488B10-2668-4B7A-AD38-598B5A0AE795} = {CEEA30EE-C2D8-496A-8214-8C015CA9D50D}
		{87BF2172-94CC-47E9-B807-38368C3B24A4} = {53B906EF-E185-45F5-AA6C-AC710AE11035}
		{20041786-BAF4-4C07-A28D-8C46AF03C0D9} = {87BF2172-94CC-47E9-B807-38368C3B24A4}
		{E8E12AF3-E4E0-4944-BD7A-E07F6F8C4189} = {87BF2172-94CC-47E9-B807-38368C3B24A4}
		{3E931C1F-8EF8-4E09-A79F-19C827FC9F54} = {87BF2172-94CC-47E9-B807-38368C3B24A4}
		{06899270-5620-4E60-B9DC-7FACCB126B04} = {87BF2172-94CC-47E9-B807-38368C3B24A4}
		{1679FA6D-FF39-4BA1-9ABB-0C1A8871BB5C} = {87BF2172-94CC-47E9-B807-38368C3B24A4}
	EndGlobalSection
	GlobalSection(ProjectConfigurationPlatforms) = postSolution
		{16DA55B2-5679-4FF3-A8E1-C3AE3FBE839D}.Debug|Any CPU.ActiveCfg = Debug|Any CPU
		{16DA55B2-5679-4FF3-A8E1-C3AE3FBE839D}.Debug|Any CPU.Build.0 = Debug|Any CPU
		{16DA55B2-5679-4FF3-A8E1-C3AE3FBE839D}.Release|Any CPU.ActiveCfg = Release|Any CPU
		{16DA55B2-5679-4FF3-A8E1-C3AE3FBE839D}.Release|Any CPU.Build.0 = Release|Any CPU
		{6F366322-927E-4A20-AE6F-148C06C43537}.Debug|Any CPU.ActiveCfg = Debug|Any CPU
		{6F366322-927E-4A20-AE6F-148C06C43537}.Debug|Any CPU.Build.0 = Debug|Any CPU
		{6F366322-927E-4A20-AE6F-148C06C43537}.Release|Any CPU.ActiveCfg = Release|Any CPU
		{6F366322-927E-4A20-AE6F-148C06C43537}.Release|Any CPU.Build.0 = Release|Any CPU
		{BC6A361F-CF55-40F9-960E-258CC4C9036B}.Debug|Any CPU.ActiveCfg = Debug|Any CPU
		{BC6A361F-CF55-40F9-960E-258CC4C9036B}.Debug|Any CPU.Build.0 = Debug|Any CPU
		{BC6A361F-CF55-40F9-960E-258CC4C9036B}.Release|Any CPU.ActiveCfg = Release|Any CPU
		{BC6A361F-CF55-40F9-960E-258CC4C9036B}.Release|Any CPU.Build.0 = Release|Any CPU
		{EB7A489A-E198-4289-898F-7A64CFE7D649}.Debug|Any CPU.ActiveCfg = Debug|Any CPU
		{EB7A489A-E198-4289-898F-7A64CFE7D649}.Debug|Any CPU.Build.0 = Debug|Any CPU
		{EB7A489A-E198-4289-898F-7A64CFE7D649}.Release|Any CPU.ActiveCfg = Release|Any CPU
		{EB7A489A-E198-4289-898F-7A64CFE7D649}.Release|Any CPU.Build.0 = Release|Any CPU
		{AE86B950-D008-4BF8-92EF-73A1E25F09CB}.Debug|Any CPU.ActiveCfg = Debug|Any CPU
		{AE86B950-D008-4BF8-92EF-73A1E25F09CB}.Debug|Any CPU.Build.0 = Debug|Any CPU
		{AE86B950-D008-4BF8-92EF-73A1E25F09CB}.Release|Any CPU.ActiveCfg = Release|Any CPU
		{AE86B950-D008-4BF8-92EF-73A1E25F09CB}.Release|Any CPU.Build.0 = Release|Any CPU
		{B46DF1AA-450B-47FA-BB9D-5B8FC731A60F}.Debug|Any CPU.ActiveCfg = Debug|Any CPU
		{B46DF1AA-450B-47FA-BB9D-5B8FC731A60F}.Debug|Any CPU.Build.0 = Debug|Any CPU
		{B46DF1AA-450B-47FA-BB9D-5B8FC731A60F}.Release|Any CPU.ActiveCfg = Release|Any CPU
		{B46DF1AA-450B-47FA-BB9D-5B8FC731A60F}.Release|Any CPU.Build.0 = Release|Any CPU
		{1C9980C2-FFE8-4073-AA03-7B9D5C024FC6}.Debug|Any CPU.ActiveCfg = Debug|Any CPU
		{1C9980C2-FFE8-4073-AA03-7B9D5C024FC6}.Debug|Any CPU.Build.0 = Debug|Any CPU
		{1C9980C2-FFE8-4073-AA03-7B9D5C024FC6}.Release|Any CPU.ActiveCfg = Release|Any CPU
		{1C9980C2-FFE8-4073-AA03-7B9D5C024FC6}.Release|Any CPU.Build.0 = Release|Any CPU
		{C9C8F9C9-535E-4EBB-A586-EA89FB3A9B4E}.Debug|Any CPU.ActiveCfg = Debug|Any CPU
		{C9C8F9C9-535E-4EBB-A586-EA89FB3A9B4E}.Debug|Any CPU.Build.0 = Debug|Any CPU
		{C9C8F9C9-535E-4EBB-A586-EA89FB3A9B4E}.Release|Any CPU.ActiveCfg = Release|Any CPU
		{C9C8F9C9-535E-4EBB-A586-EA89FB3A9B4E}.Release|Any CPU.Build.0 = Release|Any CPU
		{68739FE6-248E-466E-9AC7-EA8F4403156E}.Debug|Any CPU.ActiveCfg = Debug|Any CPU
		{68739FE6-248E-466E-9AC7-EA8F4403156E}.Debug|Any CPU.Build.0 = Debug|Any CPU
		{68739FE6-248E-466E-9AC7-EA8F4403156E}.Release|Any CPU.ActiveCfg = Release|Any CPU
		{68739FE6-248E-466E-9AC7-EA8F4403156E}.Release|Any CPU.Build.0 = Release|Any CPU
		{2F488B10-2668-4B7A-AD38-598B5A0AE795}.Debug|Any CPU.ActiveCfg = Debug|Any CPU
		{2F488B10-2668-4B7A-AD38-598B5A0AE795}.Debug|Any CPU.Build.0 = Debug|Any CPU
		{2F488B10-2668-4B7A-AD38-598B5A0AE795}.Release|Any CPU.ActiveCfg = Release|Any CPU
		{2F488B10-2668-4B7A-AD38-598B5A0AE795}.Release|Any CPU.Build.0 = Release|Any CPU
		{20041786-BAF4-4C07-A28D-8C46AF03C0D9}.Debug|Any CPU.ActiveCfg = Debug|Any CPU
		{20041786-BAF4-4C07-A28D-8C46AF03C0D9}.Debug|Any CPU.Build.0 = Debug|Any CPU
		{20041786-BAF4-4C07-A28D-8C46AF03C0D9}.Release|Any CPU.ActiveCfg = Release|Any CPU
		{20041786-BAF4-4C07-A28D-8C46AF03C0D9}.Release|Any CPU.Build.0 = Release|Any CPU
		{E8E12AF3-E4E0-4944-BD7A-E07F6F8C4189}.Debug|Any CPU.ActiveCfg = Debug|Any CPU
		{E8E12AF3-E4E0-4944-BD7A-E07F6F8C4189}.Debug|Any CPU.Build.0 = Debug|Any CPU
		{E8E12AF3-E4E0-4944-BD7A-E07F6F8C4189}.Release|Any CPU.ActiveCfg = Release|Any CPU
		{E8E12AF3-E4E0-4944-BD7A-E07F6F8C4189}.Release|Any CPU.Build.0 = Release|Any CPU
		{3E931C1F-8EF8-4E09-A79F-19C827FC9F54}.Debug|Any CPU.ActiveCfg = Debug|Any CPU
		{3E931C1F-8EF8-4E09-A79F-19C827FC9F54}.Debug|Any CPU.Build.0 = Debug|Any CPU
		{3E931C1F-8EF8-4E09-A79F-19C827FC9F54}.Release|Any CPU.ActiveCfg = Release|Any CPU
		{3E931C1F-8EF8-4E09-A79F-19C827FC9F54}.Release|Any CPU.Build.0 = Release|Any CPU
		{06899270-5620-4E60-B9DC-7FACCB126B04}.Debug|Any CPU.ActiveCfg = Debug|Any CPU
		{06899270-5620-4E60-B9DC-7FACCB126B04}.Debug|Any CPU.Build.0 = Debug|Any CPU
		{06899270-5620-4E60-B9DC-7FACCB126B04}.Release|Any CPU.ActiveCfg = Release|Any CPU
		{06899270-5620-4E60-B9DC-7FACCB126B04}.Release|Any CPU.Build.0 = Release|Any CPU
		{1679FA6D-FF39-4BA1-9ABB-0C1A8871BB5C}.Debug|Any CPU.ActiveCfg = Debug|Any CPU
		{1679FA6D-FF39-4BA1-9ABB-0C1A8871BB5C}.Debug|Any CPU.Build.0 = Debug|Any CPU
		{1679FA6D-FF39-4BA1-9ABB-0C1A8871BB5C}.Release|Any CPU.ActiveCfg = Release|Any CPU
		{1679FA6D-FF39-4BA1-9ABB-0C1A8871BB5C}.Release|Any CPU.Build.0 = Release|Any CPU
	EndGlobalSection
EndGlobal
